
Microsoft Visual Studio Solution File, Format Version 12.00
# Visual Studio Version 17
VisualStudioVersion = 17.14.36429.23
MinimumVisualStudioVersion = 10.0.40219.1
Project("{2150E333-8FDC-42A3-9474-1A3956D46DE8}") = "Task0", "Task0", "{02EA681E-C7D8-13C7-8484-4AC65E1B71E8}"
EndProject
Project("{FAE04EC0-301F-11D3-BF4B-00C04F79EFBC}") = "Tyuiu.MakarovAY.Sprint6.Task0.V21.Lib", "Tyuiu.MakarovAY.Sprint6.Task0.V21.Lib\Tyuiu.MakarovAY.Sprint6.Task0.V21.Lib.csproj", "{9A86C20C-E6BF-457F-81AF-D7FF73455227}"
EndProject
Project("{FAE04EC0-301F-11D3-BF4B-00C04F79EFBC}") = "Tyuiu.MakarovAY.Sprint6.Task0.V21.Test", "Tyuiu.MakarovAY.Sprint6.Task0.V21.Test\Tyuiu.MakarovAY.Sprint6.Task0.V21.Test.csproj", "{289A50B5-94E3-4FAF-A8D4-A8A773EA25E6}"
EndProject
Project("{FAE04EC0-301F-11D3-BF4B-00C04F79EFBC}") = "Tyuiu.MakarovAY.Sprint6.Task0.V21", "Tyuiu.MakarovAY.Sprint6.Task0.V21\Tyuiu.MakarovAY.Sprint6.Task0.V21.csproj", "{4D260F80-F553-4260-BBF5-6748DADD9EE8}"
EndProject
Project("{2150E333-8FDC-42A3-9474-1A3956D46DE8}") = "Task1", "Task1", "{B83C6B1D-B573-43C8-BFEF-70A917B7FC76}"
EndProject
Project("{FAE04EC0-301F-11D3-BF4B-00C04F79EFBC}") = "Tyuiu.MakarovAY.Sprint6.Task1.V21.Lib", "Tyuiu.MakarovAY.Sprint6.Task1.V21.Lib\Tyuiu.MakarovAY.Sprint6.Task1.V21.Lib.csproj", "{FA59D700-2AC8-4FD2-9B91-42ED9535CFF6}"
EndProject
Project("{FAE04EC0-301F-11D3-BF4B-00C04F79EFBC}") = "Tyuiu.MakarovAY.Sprint6.Task1.V21.Test", "Tyuiu.MakarovAY.Sprint6.Task1.V21.Test\Tyuiu.MakarovAY.Sprint6.Task1.V21.Test.csproj", "{9D0EB17E-8DB5-431A-B659-1C316131DC90}"
EndProject
Project("{FAE04EC0-301F-11D3-BF4B-00C04F79EFBC}") = "Tyuiu.MakarovAY.Sprint6.Task1.V21", "Tyuiu.MakarovAY.Sprint6.Task1.V21\Tyuiu.MakarovAY.Sprint6.Task1.V21.csproj", "{19944280-CECB-4873-AD17-9E4D3ED16A2A}"
EndProject
Project("{2150E333-8FDC-42A3-9474-1A3956D46DE8}") = "Task2", "Task2", "{C2E91567-C789-4781-AB95-28F5D8CF2769}"
EndProject
Project("{FAE04EC0-301F-11D3-BF4B-00C04F79EFBC}") = "Tyuiu.MakarovAY.Sprint6.Task2.V15.Lib", "Tyuiu.MakarovAY.Sprint6.Task2.V15.Lib\Tyuiu.MakarovAY.Sprint6.Task2.V15.Lib.csproj", "{3E849D88-0C5D-4AF0-A3D2-9C6FC91162A5}"
EndProject
Project("{FAE04EC0-301F-11D3-BF4B-00C04F79EFBC}") = "Tyuiu.MakarovAY.Sprint6.Task2.V15.Test", "Tyuiu.MakarovAY.Sprint6.Task2.V15.Test\Tyuiu.MakarovAY.Sprint6.Task2.V15.Test.csproj", "{DB3D06E1-F237-4B65-BBC1-78E88F48734F}"
EndProject
Project("{FAE04EC0-301F-11D3-BF4B-00C04F79EFBC}") = "Tyuiu.MakarovAY.Sprint6.Task2.V15", "Tyuiu.MakarovAY.Sprint6.Task2.V15\Tyuiu.MakarovAY.Sprint6.Task2.V15.csproj", "{497A57B2-4249-48AE-AFC6-1FEC63FE20E8}"
EndProject
Project("{2150E333-8FDC-42A3-9474-1A3956D46DE8}") = "Task3", "Task3", "{D7443E9D-901E-4A0F-8DFA-D9B98FDE8B7C}"
EndProject
Project("{FAE04EC0-301F-11D3-BF4B-00C04F79EFBC}") = "Tyuiu.MakarovAY.Sprint6.Task3.V2", "Tyuiu.MakarovAY.Sprint6.Task3.V2\Tyuiu.MakarovAY.Sprint6.Task3.V2.csproj", "{6C825E8F-EF52-4922-B3C7-5E63CB341CB2}"
EndProject
Project("{FAE04EC0-301F-11D3-BF4B-00C04F79EFBC}") = "Tyuiu.MakarovAY.Sprint6.Task3.V2.Lib", "Tyuiu.MakarovAY.Sprint6.Task3.V2.Lib\Tyuiu.MakarovAY.Sprint6.Task3.V2.Lib.csproj", "{442BD38A-B81F-4310-A62E-5254F39FD937}"
EndProject
Project("{FAE04EC0-301F-11D3-BF4B-00C04F79EFBC}") = "Tyuiu.MakarovAY.Sprint6.Task3.V2.Test", "Tyuiu.MakarovAY.Sprint6.Task3.V2.Test\Tyuiu.MakarovAY.Sprint6.Task3.V2.Test.csproj", "{6F9D05CF-C3E1-40E8-9424-07A30F2093AD}"
EndProject
Project("{2150E333-8FDC-42A3-9474-1A3956D46DE8}") = "Task4", "Task4", "{B8FFD7AA-C4EE-4E03-9044-106F8E07F3A4}"
EndProject
Project("{FAE04EC0-301F-11D3-BF4B-00C04F79EFBC}") = "Tyuiu.MakarovAY.Sprint6.Task4.V14", "Tyuiu.MakarovAY.Sprint6.Task4.V14\Tyuiu.MakarovAY.Sprint6.Task4.V14.csproj", "{6B017F4D-9B5D-46AC-9AAC-853DBEBEF07E}"
EndProject
Project("{FAE04EC0-301F-11D3-BF4B-00C04F79EFBC}") = "Tyuiu.MakarovAY.Sprint6.Task4.V14.Lib", "Tyuiu.MakarovAY.Sprint6.Task4.V14.Lib\Tyuiu.MakarovAY.Sprint6.Task4.V14.Lib.csproj", "{B4D0B2E4-D35F-40A6-89F0-222005105560}"
EndProject
Project("{FAE04EC0-301F-11D3-BF4B-00C04F79EFBC}") = "Tyuiu.MakarovAY.Sprint6.Task4.V14.Test", "Tyuiu.MakarovAY.Sprint6.Task4.V14.Test\Tyuiu.MakarovAY.Sprint6.Task4.V14.Test.csproj", "{5DE8F213-606D-4074-9644-667D3AC46327}"
EndProject
Project("{2150E333-8FDC-42A3-9474-1A3956D46DE8}") = "Task5", "Task5", "{D6A6238A-B501-4753-9C09-9A3DB793851C}"
EndProject
Project("{FAE04EC0-301F-11D3-BF4B-00C04F79EFBC}") = "Tyuiu.MakarovAY.Sprint6.Task5.V4", "Tyuiu.MakarovAY.Sprint6.Task5.V4\Tyuiu.MakarovAY.Sprint6.Task5.V4.csproj", "{1F9FA625-8B3F-4FAD-B83C-20420B7B26BA}"
EndProject
Project("{FAE04EC0-301F-11D3-BF4B-00C04F79EFBC}") = "Tyuiu.MakarovAY.Sprint6.Task5.V4.Test", "Tyuiu.MakarovAY.Sprint6.Task5.V4.Test\Tyuiu.MakarovAY.Sprint6.Task5.V4.Test.csproj", "{351B9DC6-B3A0-46AF-B05D-CE91924382D0}"
EndProject
Project("{FAE04EC0-301F-11D3-BF4B-00C04F79EFBC}") = "Tyuiu.MakarovAY.Sprint6.Task5.V4.Lib", "Tyuiu.MakarovAY.Sprint6.Task5.V4.Lib\Tyuiu.MakarovAY.Sprint6.Task5.V4.Lib.csproj", "{83A40829-9AC7-4271-A761-1F397F24E8D1}"
EndProject
Global
	GlobalSection(SolutionConfigurationPlatforms) = preSolution
		Debug|Any CPU = Debug|Any CPU
		Release|Any CPU = Release|Any CPU
	EndGlobalSection
	GlobalSection(ProjectConfigurationPlatforms) = postSolution
		{9A86C20C-E6BF-457F-81AF-D7FF73455227}.Debug|Any CPU.ActiveCfg = Debug|Any CPU
		{9A86C20C-E6BF-457F-81AF-D7FF73455227}.Debug|Any CPU.Build.0 = Debug|Any CPU
		{9A86C20C-E6BF-457F-81AF-D7FF73455227}.Release|Any CPU.ActiveCfg = Release|Any CPU
		{9A86C20C-E6BF-457F-81AF-D7FF73455227}.Release|Any CPU.Build.0 = Release|Any CPU
		{289A50B5-94E3-4FAF-A8D4-A8A773EA25E6}.Debug|Any CPU.ActiveCfg = Debug|Any CPU
		{289A50B5-94E3-4FAF-A8D4-A8A773EA25E6}.Debug|Any CPU.Build.0 = Debug|Any CPU
		{289A50B5-94E3-4FAF-A8D4-A8A773EA25E6}.Release|Any CPU.ActiveCfg = Release|Any CPU
		{289A50B5-94E3-4FAF-A8D4-A8A773EA25E6}.Release|Any CPU.Build.0 = Release|Any CPU
		{4D260F80-F553-4260-BBF5-6748DADD9EE8}.Debug|Any CPU.ActiveCfg = Debug|Any CPU
		{4D260F80-F553-4260-BBF5-6748DADD9EE8}.Debug|Any CPU.Build.0 = Debug|Any CPU
		{4D260F80-F553-4260-BBF5-6748DADD9EE8}.Release|Any CPU.ActiveCfg = Release|Any CPU
		{4D260F80-F553-4260-BBF5-6748DADD9EE8}.Release|Any CPU.Build.0 = Release|Any CPU
		{FA59D700-2AC8-4FD2-9B91-42ED9535CFF6}.Debug|Any CPU.ActiveCfg = Debug|Any CPU
		{FA59D700-2AC8-4FD2-9B91-42ED9535CFF6}.Debug|Any CPU.Build.0 = Debug|Any CPU
		{FA59D700-2AC8-4FD2-9B91-42ED9535CFF6}.Release|Any CPU.ActiveCfg = Release|Any CPU
		{FA59D700-2AC8-4FD2-9B91-42ED9535CFF6}.Release|Any CPU.Build.0 = Release|Any CPU
		{9D0EB17E-8DB5-431A-B659-1C316131DC90}.Debug|Any CPU.ActiveCfg = Debug|Any CPU
		{9D0EB17E-8DB5-431A-B659-1C316131DC90}.Debug|Any CPU.Build.0 = Debug|Any CPU
		{9D0EB17E-8DB5-431A-B659-1C316131DC90}.Release|Any CPU.ActiveCfg = Release|Any CPU
		{9D0EB17E-8DB5-431A-B659-1C316131DC90}.Release|Any CPU.Build.0 = Release|Any CPU
		{19944280-CECB-4873-AD17-9E4D3ED16A2A}.Debug|Any CPU.ActiveCfg = Debug|Any CPU
		{19944280-CECB-4873-AD17-9E4D3ED16A2A}.Debug|Any CPU.Build.0 = Debug|Any CPU
		{19944280-CECB-4873-AD17-9E4D3ED16A2A}.Release|Any CPU.ActiveCfg = Release|Any CPU
		{19944280-CECB-4873-AD17-9E4D3ED16A2A}.Release|Any CPU.Build.0 = Release|Any CPU
		{3E849D88-0C5D-4AF0-A3D2-9C6FC91162A5}.Debug|Any CPU.ActiveCfg = Debug|Any CPU
		{3E849D88-0C5D-4AF0-A3D2-9C6FC91162A5}.Debug|Any CPU.Build.0 = Debug|Any CPU
		{3E849D88-0C5D-4AF0-A3D2-9C6FC91162A5}.Release|Any CPU.ActiveCfg = Release|Any CPU
		{3E849D88-0C5D-4AF0-A3D2-9C6FC91162A5}.Release|Any CPU.Build.0 = Release|Any CPU
		{DB3D06E1-F237-4B65-BBC1-78E88F48734F}.Debug|Any CPU.ActiveCfg = Debug|Any CPU
		{DB3D06E1-F237-4B65-BBC1-78E88F48734F}.Debug|Any CPU.Build.0 = Debug|Any CPU
		{DB3D06E1-F237-4B65-BBC1-78E88F48734F}.Release|Any CPU.ActiveCfg = Release|Any CPU
		{DB3D06E1-F237-4B65-BBC1-78E88F48734F}.Release|Any CPU.Build.0 = Release|Any CPU
		{497A57B2-4249-48AE-AFC6-1FEC63FE20E8}.Debug|Any CPU.ActiveCfg = Debug|Any CPU
		{497A57B2-4249-48AE-AFC6-1FEC63FE20E8}.Debug|Any CPU.Build.0 = Debug|Any CPU
		{497A57B2-4249-48AE-AFC6-1FEC63FE20E8}.Release|Any CPU.ActiveCfg = Release|Any CPU
		{497A57B2-4249-48AE-AFC6-1FEC63FE20E8}.Release|Any CPU.Build.0 = Release|Any CPU
		{6C825E8F-EF52-4922-B3C7-5E63CB341CB2}.Debug|Any CPU.ActiveCfg = Debug|Any CPU
		{6C825E8F-EF52-4922-B3C7-5E63CB341CB2}.Debug|Any CPU.Build.0 = Debug|Any CPU
		{6C825E8F-EF52-4922-B3C7-5E63CB341CB2}.Release|Any CPU.ActiveCfg = Release|Any CPU
		{6C825E8F-EF52-4922-B3C7-5E63CB341CB2}.Release|Any CPU.Build.0 = Release|Any CPU
		{442BD38A-B81F-4310-A62E-5254F39FD937}.Debug|Any CPU.ActiveCfg = Debug|Any CPU
		{442BD38A-B81F-4310-A62E-5254F39FD937}.Debug|Any CPU.Build.0 = Debug|Any CPU
		{442BD38A-B81F-4310-A62E-5254F39FD937}.Release|Any CPU.ActiveCfg = Release|Any CPU
		{442BD38A-B81F-4310-A62E-5254F39FD937}.Release|Any CPU.Build.0 = Release|Any CPU
		{6F9D05CF-C3E1-40E8-9424-07A30F2093AD}.Debug|Any CPU.ActiveCfg = Debug|Any CPU
		{6F9D05CF-C3E1-40E8-9424-07A30F2093AD}.Debug|Any CPU.Build.0 = Debug|Any CPU
		{6F9D05CF-C3E1-40E8-9424-07A30F2093AD}.Release|Any CPU.ActiveCfg = Release|Any CPU
		{6F9D05CF-C3E1-40E8-9424-07A30F2093AD}.Release|Any CPU.Build.0 = Release|Any CPU
		{6B017F4D-9B5D-46AC-9AAC-853DBEBEF07E}.Debug|Any CPU.ActiveCfg = Debug|Any CPU
		{6B017F4D-9B5D-46AC-9AAC-853DBEBEF07E}.Debug|Any CPU.Build.0 = Debug|Any CPU
		{6B017F4D-9B5D-46AC-9AAC-853DBEBEF07E}.Release|Any CPU.ActiveCfg = Release|Any CPU
		{6B017F4D-9B5D-46AC-9AAC-853DBEBEF07E}.Release|Any CPU.Build.0 = Release|Any CPU
		{B4D0B2E4-D35F-40A6-89F0-222005105560}.Debug|Any CPU.ActiveCfg = Debug|Any CPU
		{B4D0B2E4-D35F-40A6-89F0-222005105560}.Debug|Any CPU.Build.0 = Debug|Any CPU
		{B4D0B2E4-D35F-40A6-89F0-222005105560}.Release|Any CPU.ActiveCfg = Release|Any CPU
		{B4D0B2E4-D35F-40A6-89F0-222005105560}.Release|Any CPU.Build.0 = Release|Any CPU
		{5DE8F213-606D-4074-9644-667D3AC46327}.Debug|Any CPU.ActiveCfg = Debug|Any CPU
		{5DE8F213-606D-4074-9644-667D3AC46327}.Debug|Any CPU.Build.0 = Debug|Any CPU
		{5DE8F213-606D-4074-9644-667D3AC46327}.Release|Any CPU.ActiveCfg = Release|Any CPU
		{5DE8F213-606D-4074-9644-667D3AC46327}.Release|Any CPU.Build.0 = Release|Any CPU
		{1F9FA625-8B3F-4FAD-B83C-20420B7B26BA}.Debug|Any CPU.ActiveCfg = Debug|Any CPU
		{1F9FA625-8B3F-4FAD-B83C-20420B7B26BA}.Debug|Any CPU.Build.0 = Debug|Any CPU
		{1F9FA625-8B3F-4FAD-B83C-20420B7B26BA}.Release|Any CPU.ActiveCfg = Release|Any CPU
		{1F9FA625-8B3F-4FAD-B83C-20420B7B26BA}.Release|Any CPU.Build.0 = Release|Any CPU
		{351B9DC6-B3A0-46AF-B05D-CE91924382D0}.Debug|Any CPU.ActiveCfg = Debug|Any CPU
		{351B9DC6-B3A0-46AF-B05D-CE91924382D0}.Debug|Any CPU.Build.0 = Debug|Any CPU
		{351B9DC6-B3A0-46AF-B05D-CE91924382D0}.Release|Any CPU.ActiveCfg = Release|Any CPU
		{351B9DC6-B3A0-46AF-B05D-CE91924382D0}.Release|Any CPU.Build.0 = Release|Any CPU
		{83A40829-9AC7-4271-A761-1F397F24E8D1}.Debug|Any CPU.ActiveCfg = Debug|Any CPU
		{83A40829-9AC7-4271-A761-1F397F24E8D1}.Debug|Any CPU.Build.0 = Debug|Any CPU
		{83A40829-9AC7-4271-A761-1F397F24E8D1}.Release|Any CPU.ActiveCfg = Release|Any CPU
		{83A40829-9AC7-4271-A761-1F397F24E8D1}.Release|Any CPU.Build.0 = Release|Any CPU
	EndGlobalSection
	GlobalSection(SolutionProperties) = preSolution
		HideSolutionNode = FALSE
	EndGlobalSection
	GlobalSection(NestedProjects) = preSolution
		{9A86C20C-E6BF-457F-81AF-D7FF73455227} = {02EA681E-C7D8-13C7-8484-4AC65E1B71E8}
		{289A50B5-94E3-4FAF-A8D4-A8A773EA25E6} = {02EA681E-C7D8-13C7-8484-4AC65E1B71E8}
		{4D260F80-F553-4260-BBF5-6748DADD9EE8} = {02EA681E-C7D8-13C7-8484-4AC65E1B71E8}
		{FA59D700-2AC8-4FD2-9B91-42ED9535CFF6} = {B83C6B1D-B573-43C8-BFEF-70A917B7FC76}
		{9D0EB17E-8DB5-431A-B659-1C316131DC90} = {B83C6B1D-B573-43C8-BFEF-70A917B7FC76}
		{19944280-CECB-4873-AD17-9E4D3ED16A2A} = {B83C6B1D-B573-43C8-BFEF-70A917B7FC76}
		{3E849D88-0C5D-4AF0-A3D2-9C6FC91162A5} = {C2E91567-C789-4781-AB95-28F5D8CF2769}
		{DB3D06E1-F237-4B65-BBC1-78E88F48734F} = {C2E91567-C789-4781-AB95-28F5D8CF2769}
		{497A57B2-4249-48AE-AFC6-1FEC63FE20E8} = {C2E91567-C789-4781-AB95-28F5D8CF2769}
		{6C825E8F-EF52-4922-B3C7-5E63CB341CB2} = {D7443E9D-901E-4A0F-8DFA-D9B98FDE8B7C}
		{442BD38A-B81F-4310-A62E-5254F39FD937} = {D7443E9D-901E-4A0F-8DFA-D9B98FDE8B7C}
		{6F9D05CF-C3E1-40E8-9424-07A30F2093AD} = {D7443E9D-901E-4A0F-8DFA-D9B98FDE8B7C}
		{6B017F4D-9B5D-46AC-9AAC-853DBEBEF07E} = {B8FFD7AA-C4EE-4E03-9044-106F8E07F3A4}
		{B4D0B2E4-D35F-40A6-89F0-222005105560} = {B8FFD7AA-C4EE-4E03-9044-106F8E07F3A4}
		{5DE8F213-606D-4074-9644-667D3AC46327} = {B8FFD7AA-C4EE-4E03-9044-106F8E07F3A4}
		{1F9FA625-8B3F-4FAD-B83C-20420B7B26BA} = {D6A6238A-B501-4753-9C09-9A3DB793851C}
		{351B9DC6-B3A0-46AF-B05D-CE91924382D0} = {D6A6238A-B501-4753-9C09-9A3DB793851C}
		{83A40829-9AC7-4271-A761-1F397F24E8D1} = {D6A6238A-B501-4753-9C09-9A3DB793851C}
	EndGlobalSection
	GlobalSection(ExtensibilityGlobals) = postSolution
		SolutionGuid = {51A59626-AE4C-421F-BAF2-9AC66A466F51}
	EndGlobalSection
EndGlobal
